{"format_version":"1.2","terraform_version":"__terraform_version__","variables":{"content":{"value":"__terramate_redacted__"}},"planned_values":{"root_module":{"resources":[{"address":"local_file.foo","mode":"managed","type":"local_file","name":"foo","provider_name":"registry.terraform.io/hashicorp/local","schema_version":0,"values":{"content":"__terramate_redacted__","content_base64":null,"directory_permission":"0777","file_permission":"0777","filename":"./foo.bar","sensitive_content":"__terramate_redacted__","source":null},"sensitive_values":{"content":true}}]}},"resource_changes":[{"address":"local_file.foo","mode":"managed","type":"local_file","name":"foo","provider_name":"registry.terraform.io/hashicorp/local","change":{"actions":["create"],"before":null,"after":{"content":"__terramate_redacted__","content_base64":null,"directory_permission":"0777","file_permission":"0777","filename":"./foo.bar","sensitive_content":"__terramate_redacted__","source":null},"after_unknown":{"content_base64sha256":true,"content_base64sha512":true,"content_md5":true,"content_sha1":true,"content_sha256":true,"content_sha512":true,"id":true},"before_sensitive":false,"after_sensitive":{"content":true,"sensitive_content":true}}}],"configuration":{"provider_config":{"local":{"name":"local","full_name":"registry.terraform.io/hashicorp/local"}},"root_module":{"resources":[{"address":"local_file.foo","mode":"managed","type":"local_file","name":"foo","provider_config_key":"local","expressions":{"content":{"references":["var.content"]},"filename":{"references":["path.module"]}},"schema_version":0}],"variables":{"content":{"sensitive":true}}}},"timestamp":"2023-10-12T14:03:39Z"}
