lockfileVersion: '6.0'

devDependencies:
  vitepress:
    specifier: 1.0.0-alpha.65
    version: 1.0.0-alpha.65(@algolia/client-search@4.17.0)

packages:

  /@algolia/autocomplete-core@1.7.4:
    resolution: {integrity: sha512-daoLpQ3ps/VTMRZDEBfU8ixXd+amZcNJ4QSP3IERGyzqnL5Ch8uSRFt/4G8pUvW9c3o6GA4vtVv4I4lmnkdXyg==}
    dependencies:
      '@algolia/autocomplete-shared': 1.7.4
    dev: true

  /@algolia/autocomplete-preset-algolia@1.7.4(@algolia/client-search@4.17.0)(algoliasearch@4.17.0):
    resolution: {integrity: sha512-s37hrvLEIfcmKY8VU9LsAXgm2yfmkdHT3DnA3SgHaY93yjZ2qL57wzb5QweVkYuEBZkT2PIREvRoLXC2sxTbpQ==}
    peerDependencies:
      '@algolia/client-search': '>= 4.9.1 < 6'
      algoliasearch: '>= 4.9.1 < 6'
    dependencies:
      '@algolia/autocomplete-shared': 1.7.4
      '@algolia/client-search': 4.17.0
      algoliasearch: 4.17.0
    dev: true

  /@algolia/autocomplete-shared@1.7.4:
    resolution: {integrity: sha512-2VGCk7I9tA9Ge73Km99+Qg87w0wzW4tgUruvWAn/gfey1ZXgmxZtyIRBebk35R1O8TbK77wujVtCnpsGpRy1kg==}
    dev: true

  /@algolia/cache-browser-local-storage@4.17.0:
    resolution: {integrity: sha512-myRSRZDIMYB8uCkO+lb40YKiYHi0fjpWRtJpR/dgkaiBlSD0plRyB6lLOh1XIfmMcSeBOqDE7y9m8xZMrXYfyQ==}
    dependencies:
      '@algolia/cache-common': 4.17.0
    dev: true

  /@algolia/cache-common@4.17.0:
    resolution: {integrity: sha512-g8mXzkrcUBIPZaulAuqE7xyHhLAYAcF2xSch7d9dABheybaU3U91LjBX6eJTEB7XVhEsgK4Smi27vWtAJRhIKQ==}
    dev: true

  /@algolia/cache-in-memory@4.17.0:
    resolution: {integrity: sha512-PT32ciC/xI8z919d0oknWVu3kMfTlhQn3MKxDln3pkn+yA7F7xrxSALysxquv+MhFfNAcrtQ/oVvQVBAQSHtdw==}
    dependencies:
      '@algolia/cache-common': 4.17.0
    dev: true

  /@algolia/client-account@4.17.0:
    resolution: {integrity: sha512-sSEHx9GA6m7wrlsSMNBGfyzlIfDT2fkz2u7jqfCCd6JEEwmxt8emGmxAU/0qBfbhRSuGvzojoLJlr83BSZAKjA==}
    dependencies:
      '@algolia/client-common': 4.17.0
      '@algolia/client-search': 4.17.0
      '@algolia/transporter': 4.17.0
    dev: true

  /@algolia/client-analytics@4.17.0:
    resolution: {integrity: sha512-84ooP8QA3mQ958hQ9wozk7hFUbAO+81CX1CjAuerxBqjKIInh1fOhXKTaku05O/GHBvcfExpPLIQuSuLYziBXQ==}
    dependencies:
      '@algolia/client-common': 4.17.0
      '@algolia/client-search': 4.17.0
      '@algolia/requester-common': 4.17.0
      '@algolia/transporter': 4.17.0
    dev: true

  /@algolia/client-common@4.17.0:
    resolution: {integrity: sha512-jHMks0ZFicf8nRDn6ma8DNNsdwGgP/NKiAAL9z6rS7CymJ7L0+QqTJl3rYxRW7TmBhsUH40wqzmrG6aMIN/DrQ==}
    dependencies:
      '@algolia/requester-common': 4.17.0
      '@algolia/transporter': 4.17.0
    dev: true

  /@algolia/client-personalization@4.17.0:
    resolution: {integrity: sha512-RMzN4dZLIta1YuwT7QC9o+OeGz2cU6eTOlGNE/6RcUBLOU3l9tkCOdln5dPE2jp8GZXPl2yk54b2nSs1+pAjqw==}
    dependencies:
      '@algolia/client-common': 4.17.0
      '@algolia/requester-common': 4.17.0
      '@algolia/transporter': 4.17.0
    dev: true

  /@algolia/client-search@4.17.0:
    resolution: {integrity: sha512-x4P2wKrrRIXszT8gb7eWsMHNNHAJs0wE7/uqbufm4tZenAp+hwU/hq5KVsY50v+PfwM0LcDwwn/1DroujsTFoA==}
    dependencies:
      '@algolia/client-common': 4.17.0
      '@algolia/requester-common': 4.17.0
      '@algolia/transporter': 4.17.0
    dev: true

  /@algolia/logger-common@4.17.0:
    resolution: {integrity: sha512-DGuoZqpTmIKJFDeyAJ7M8E/LOenIjWiOsg1XJ1OqAU/eofp49JfqXxbfgctlVZVmDABIyOz8LqEoJ6ZP4DTyvw==}
    dev: true

  /@algolia/logger-console@4.17.0:
    resolution: {integrity: sha512-zMPvugQV/gbXUvWBCzihw6m7oxIKp48w37QBIUu/XqQQfxhjoOE9xyfJr1KldUt5FrYOKZJVsJaEjTsu+bIgQg==}
    dependencies:
      '@algolia/logger-common': 4.17.0
    dev: true

  /@algolia/requester-browser-xhr@4.17.0:
    resolution: {integrity: sha512-aSOX/smauyTkP21Pf52pJ1O2LmNFJ5iHRIzEeTh0mwBeADO4GdG94cAWDILFA9rNblq/nK3EDh3+UyHHjplZ1A==}
    dependencies:
      '@algolia/requester-common': 4.17.0
    dev: true

  /@algolia/requester-common@4.17.0:
    resolution: {integrity: sha512-XJjmWFEUlHu0ijvcHBoixuXfEoiRUdyzQM6YwTuB8usJNIgShua8ouFlRWF8iCeag0vZZiUm4S2WCVBPkdxFgg==}
    dev: true

  /@algolia/requester-node-http@4.17.0:
    resolution: {integrity: sha512-bpb/wDA1aC6WxxM8v7TsFspB7yBN3nqCGs2H1OADolQR/hiAIjAxusbuMxVbRFOdaUvAIqioIIkWvZdpYNIn8w==}
    dependencies:
      '@algolia/requester-common': 4.17.0
    dev: true

  /@algolia/transporter@4.17.0:
    resolution: {integrity: sha512-6xL6H6fe+Fi0AEP3ziSgC+G04RK37iRb4uUUqVAH9WPYFI8g+LYFq6iv5HS8Cbuc5TTut+Bwj6G+dh/asdb9uA==}
    dependencies:
      '@algolia/cache-common': 4.17.0
      '@algolia/logger-common': 4.17.0
      '@algolia/requester-common': 4.17.0
    dev: true

  /@babel/helper-string-parser@7.19.4:
    resolution: {integrity: sha512-nHtDoQcuqFmwYNYPz3Rah5ph2p8PFeFCsZk9A/48dPc/rGocJ5J3hAAZ7pb76VWX3fZKu+uEr/FhH5jLx7umrw==}
    engines: {node: '>=6.9.0'}
    dev: true

  /@babel/helper-validator-identifier@7.19.1:
    resolution: {integrity: sha512-awrNfaMtnHUr653GgGEs++LlAvW6w+DcPrOliSMXWCKo597CwL5Acf/wWdNkf/tfEQE3mjkeD1YOVZOUV/od1w==}
    engines: {node: '>=6.9.0'}
    dev: true

  /@babel/parser@7.21.4:
    resolution: {integrity: sha512-alVJj7k7zIxqBZ7BTRhz0IqJFxW1VJbm6N8JbcYhQ186df9ZBPbZBmWSqAMXwHGsCJdYks7z/voa3ibiS5bCIw==}
    engines: {node: '>=6.0.0'}
    hasBin: true
    dependencies:
      '@babel/types': 7.21.4
    dev: true

  /@babel/types@7.21.4:
    resolution: {integrity: sha512-rU2oY501qDxE8Pyo7i/Orqma4ziCOrby0/9mvbDUGEfvZjb279Nk9k19e2fiCxHbRRpY2ZyrgW1eq22mvmOIzA==}
    engines: {node: '>=6.9.0'}
    dependencies:
      '@babel/helper-string-parser': 7.19.4
      '@babel/helper-validator-identifier': 7.19.1
      to-fast-properties: 2.0.0
    dev: true

  /@docsearch/css@3.3.3:
    resolution: {integrity: sha512-6SCwI7P8ao+se1TUsdZ7B4XzL+gqeQZnBc+2EONZlcVa0dVrk0NjETxozFKgMv0eEGH8QzP1fkN+A1rH61l4eg==}
    dev: true

  /@docsearch/js@3.3.3(@algolia/client-search@4.17.0):
    resolution: {integrity: sha512-2xAv2GFuHzzmG0SSZgf8wHX0qZX8n9Y1ZirKUk5Wrdc+vH9CL837x2hZIUdwcPZI9caBA+/CzxsS68O4waYjUQ==}
    dependencies:
      '@docsearch/react': 3.3.3(@algolia/client-search@4.17.0)
      preact: 10.13.2
    transitivePeerDependencies:
      - '@algolia/client-search'
      - '@types/react'
      - react
      - react-dom
    dev: true

  /@docsearch/react@3.3.3(@algolia/client-search@4.17.0):
    resolution: {integrity: sha512-pLa0cxnl+G0FuIDuYlW+EBK6Rw2jwLw9B1RHIeS4N4s2VhsfJ/wzeCi3CWcs5yVfxLd5ZK50t//TMA5e79YT7Q==}
    peerDependencies:
      '@types/react': '>= 16.8.0 < 19.0.0'
      react: '>= 16.8.0 < 19.0.0'
      react-dom: '>= 16.8.0 < 19.0.0'
    peerDependenciesMeta:
      '@types/react':
        optional: true
      react:
        optional: true
      react-dom:
        optional: true
    dependencies:
      '@algolia/autocomplete-core': 1.7.4
      '@algolia/autocomplete-preset-algolia': 1.7.4(@algolia/client-search@4.17.0)(algoliasearch@4.17.0)
      '@docsearch/css': 3.3.3
      algoliasearch: 4.17.0
    transitivePeerDependencies:
      - '@algolia/client-search'
    dev: true

  /@esbuild/android-arm64@0.17.16:
    resolution: {integrity: sha512-QX48qmsEZW+gcHgTmAj+x21mwTz8MlYQBnzF6861cNdQGvj2jzzFjqH0EBabrIa/WVZ2CHolwMoqxVryqKt8+Q==}
    engines: {node: '>=12'}
    cpu: [arm64]
    os: [android]
    requiresBuild: true
    dev: true
    optional: true

  /@esbuild/android-arm@0.17.16:
    resolution: {integrity: sha512-baLqRpLe4JnKrUXLJChoTN0iXZH7El/mu58GE3WIA6/H834k0XWvLRmGLG8y8arTRS9hJJibPnF0tiGhmWeZgw==}
    engines: {node: '>=12'}
    cpu: [arm]
    os: [android]
    requiresBuild: true
    dev: true
    optional: true

  /@esbuild/android-x64@0.17.16:
    resolution: {integrity: sha512-G4wfHhrrz99XJgHnzFvB4UwwPxAWZaZBOFXh+JH1Duf1I4vIVfuYY9uVLpx4eiV2D/Jix8LJY+TAdZ3i40tDow==}
    engines: {node: '>=12'}
    cpu: [x64]
    os: [android]
    requiresBuild: true
    dev: true
    optional: true

  /@esbuild/darwin-arm64@0.17.16:
    resolution: {integrity: sha512-/Ofw8UXZxuzTLsNFmz1+lmarQI6ztMZ9XktvXedTbt3SNWDn0+ODTwxExLYQ/Hod91EZB4vZPQJLoqLF0jvEzA==}
    engines: {node: '>=12'}
    cpu: [arm64]
    os: [darwin]
    requiresBuild: true
    dev: true
    optional: true

  /@esbuild/darwin-x64@0.17.16:
    resolution: {integrity: sha512-SzBQtCV3Pdc9kyizh36Ol+dNVhkDyIrGb/JXZqFq8WL37LIyrXU0gUpADcNV311sCOhvY+f2ivMhb5Tuv8nMOQ==}
    engines: {node: '>=12'}
    cpu: [x64]
    os: [darwin]
    requiresBuild: true
    dev: true
    optional: true

  /@esbuild/freebsd-arm64@0.17.16:
    resolution: {integrity: sha512-ZqftdfS1UlLiH1DnS2u3It7l4Bc3AskKeu+paJSfk7RNOMrOxmeFDhLTMQqMxycP1C3oj8vgkAT6xfAuq7ZPRA==}
    engines: {node: '>=12'}
    cpu: [arm64]
    os: [freebsd]
    requiresBuild: true
    dev: true
    optional: true

  /@esbuild/freebsd-x64@0.17.16:
    resolution: {integrity: sha512-rHV6zNWW1tjgsu0dKQTX9L0ByiJHHLvQKrWtnz8r0YYJI27FU3Xu48gpK2IBj1uCSYhJ+pEk6Y0Um7U3rIvV8g==}
    engines: {node: '>=12'}
    cpu: [x64]
    os: [freebsd]
    requiresBuild: true
    dev: true
    optional: true

  /@esbuild/linux-arm64@0.17.16:
    resolution: {integrity: sha512-8yoZhGkU6aHu38WpaM4HrRLTFc7/VVD9Q2SvPcmIQIipQt2I/GMTZNdEHXoypbbGao5kggLcxg0iBKjo0SQYKA==}
    engines: {node: '>=12'}
    cpu: [arm64]
    os: [linux]
    requiresBuild: true
    dev: true
    optional: true

  /@esbuild/linux-arm@0.17.16:
    resolution: {integrity: sha512-n4O8oVxbn7nl4+m+ISb0a68/lcJClIbaGAoXwqeubj/D1/oMMuaAXmJVfFlRjJLu/ZvHkxoiFJnmbfp4n8cdSw==}
    engines: {node: '>=12'}
    cpu: [arm]
    os: [linux]
    requiresBuild: true
    dev: true
    optional: true

  /@esbuild/linux-ia32@0.17.16:
    resolution: {integrity: sha512-9ZBjlkdaVYxPNO8a7OmzDbOH9FMQ1a58j7Xb21UfRU29KcEEU3VTHk+Cvrft/BNv0gpWJMiiZ/f4w0TqSP0gLA==}
    engines: {node: '>=12'}
    cpu: [ia32]
    os: [linux]
    requiresBuild: true
    dev: true
    optional: true

  /@esbuild/linux-loong64@0.17.16:
    resolution: {integrity: sha512-TIZTRojVBBzdgChY3UOG7BlPhqJz08AL7jdgeeu+kiObWMFzGnQD7BgBBkWRwOtKR1i2TNlO7YK6m4zxVjjPRQ==}
    engines: {node: '>=12'}
    cpu: [loong64]
    os: [linux]
    requiresBuild: true
    dev: true
    optional: true

  /@esbuild/linux-mips64el@0.17.16:
    resolution: {integrity: sha512-UPeRuFKCCJYpBbIdczKyHLAIU31GEm0dZl1eMrdYeXDH+SJZh/i+2cAmD3A1Wip9pIc5Sc6Kc5cFUrPXtR0XHA==}
    engines: {node: '>=12'}
    cpu: [mips64el]
    os: [linux]
    requiresBuild: true
    dev: true
    optional: true

  /@esbuild/linux-ppc64@0.17.16:
    resolution: {integrity: sha512-io6yShgIEgVUhExJejJ21xvO5QtrbiSeI7vYUnr7l+v/O9t6IowyhdiYnyivX2X5ysOVHAuyHW+Wyi7DNhdw6Q==}
    engines: {node: '>=12'}
    cpu: [ppc64]
    os: [linux]
    requiresBuild: true
    dev: true
    optional: true

  /@esbuild/linux-riscv64@0.17.16:
    resolution: {integrity: sha512-WhlGeAHNbSdG/I2gqX2RK2gfgSNwyJuCiFHMc8s3GNEMMHUI109+VMBfhVqRb0ZGzEeRiibi8dItR3ws3Lk+cA==}
    engines: {node: '>=12'}
    cpu: [riscv64]
    os: [linux]
    requiresBuild: true
    dev: true
    optional: true

  /@esbuild/linux-s390x@0.17.16:
    resolution: {integrity: sha512-gHRReYsJtViir63bXKoFaQ4pgTyah4ruiMRQ6im9YZuv+gp3UFJkNTY4sFA73YDynmXZA6hi45en4BGhNOJUsw==}
    engines: {node: '>=12'}
    cpu: [s390x]
    os: [linux]
    requiresBuild: true
    dev: true
    optional: true

  /@esbuild/linux-x64@0.17.16:
    resolution: {integrity: sha512-mfiiBkxEbUHvi+v0P+TS7UnA9TeGXR48aK4XHkTj0ZwOijxexgMF01UDFaBX7Q6CQsB0d+MFNv9IiXbIHTNd4g==}
    engines: {node: '>=12'}
    cpu: [x64]
    os: [linux]
    requiresBuild: true
    dev: true
    optional: true

  /@esbuild/netbsd-x64@0.17.16:
    resolution: {integrity: sha512-n8zK1YRDGLRZfVcswcDMDM0j2xKYLNXqei217a4GyBxHIuPMGrrVuJ+Ijfpr0Kufcm7C1k/qaIrGy6eG7wvgmA==}
    engines: {node: '>=12'}
    cpu: [x64]
    os: [netbsd]
    requiresBuild: true
    dev: true
    optional: true

  /@esbuild/openbsd-x64@0.17.16:
    resolution: {integrity: sha512-lEEfkfsUbo0xC47eSTBqsItXDSzwzwhKUSsVaVjVji07t8+6KA5INp2rN890dHZeueXJAI8q0tEIfbwVRYf6Ew==}
    engines: {node: '>=12'}
    cpu: [x64]
    os: [openbsd]
    requiresBuild: true
    dev: true
    optional: true

  /@esbuild/sunos-x64@0.17.16:
    resolution: {integrity: sha512-jlRjsuvG1fgGwnE8Afs7xYDnGz0dBgTNZfgCK6TlvPH3Z13/P5pi6I57vyLE8qZYLrGVtwcm9UbUx1/mZ8Ukag==}
    engines: {node: '>=12'}
    cpu: [x64]
    os: [sunos]
    requiresBuild: true
    dev: true
    optional: true

  /@esbuild/win32-arm64@0.17.16:
    resolution: {integrity: sha512-TzoU2qwVe2boOHl/3KNBUv2PNUc38U0TNnzqOAcgPiD/EZxT2s736xfC2dYQbszAwo4MKzzwBV0iHjhfjxMimg==}
    engines: {node: '>=12'}
    cpu: [arm64]
    os: [win32]
    requiresBuild: true
    dev: true
    optional: true

  /@esbuild/win32-ia32@0.17.16:
    resolution: {integrity: sha512-B8b7W+oo2yb/3xmwk9Vc99hC9bNolvqjaTZYEfMQhzdpBsjTvZBlXQ/teUE55Ww6sg//wlcDjOaqldOKyigWdA==}
    engines: {node: '>=12'}
    cpu: [ia32]
    os: [win32]
    requiresBuild: true
    dev: true
    optional: true

  /@esbuild/win32-x64@0.17.16:
    resolution: {integrity: sha512-xJ7OH/nanouJO9pf03YsL9NAFQBHd8AqfrQd7Pf5laGyyTt/gToul6QYOA/i5i/q8y9iaM5DQFNTgpi995VkOg==}
    engines: {node: '>=12'}
    cpu: [x64]
    os: [win32]
    requiresBuild: true
    dev: true
    optional: true

  /@types/web-bluetooth@0.0.16:
    resolution: {integrity: sha512-oh8q2Zc32S6gd/j50GowEjKLoOVOwHP/bWVjKJInBwQqdOYMdPrf1oVlelTlyfFK3CKxL1uahMDAr+vy8T7yMQ==}
    dev: true

  /@vitejs/plugin-vue@4.1.0(vite@4.2.1)(vue@3.2.47):
    resolution: {integrity: sha512-++9JOAFdcXI3lyer9UKUV4rfoQ3T1RN8yDqoCLar86s0xQct5yblxAE+yWgRnU5/0FOlVCpTZpYSBV/bGWrSrQ==}
    engines: {node: ^14.18.0 || >=16.0.0}
    peerDependencies:
      vite: ^4.0.0
      vue: ^3.2.25
    dependencies:
      vite: 4.2.1
      vue: 3.2.47
    dev: true

  /@vue/compiler-core@3.2.47:
    resolution: {integrity: sha512-p4D7FDnQb7+YJmO2iPEv0SQNeNzcbHdGByJDsT4lynf63AFkOTFN07HsiRSvjGo0QrxR/o3d0hUyNCUnBU2Tig==}
    dependencies:
      '@babel/parser': 7.21.4
      '@vue/shared': 3.2.47
      estree-walker: 2.0.2
      source-map: 0.6.1
    dev: true

  /@vue/compiler-dom@3.2.47:
    resolution: {integrity: sha512-dBBnEHEPoftUiS03a4ggEig74J2YBZ2UIeyfpcRM2tavgMWo4bsEfgCGsu+uJIL/vax9S+JztH8NmQerUo7shQ==}
    dependencies:
      '@vue/compiler-core': 3.2.47
      '@vue/shared': 3.2.47
    dev: true

  /@vue/compiler-sfc@3.2.47:
    resolution: {integrity: sha512-rog05W+2IFfxjMcFw10tM9+f7i/+FFpZJJ5XHX72NP9eC2uRD+42M3pYcQqDXVYoj74kHMSEdQ/WmCjt8JFksQ==}
    dependencies:
      '@babel/parser': 7.21.4
      '@vue/compiler-core': 3.2.47
      '@vue/compiler-dom': 3.2.47
      '@vue/compiler-ssr': 3.2.47
      '@vue/reactivity-transform': 3.2.47
      '@vue/shared': 3.2.47
      estree-walker: 2.0.2
      magic-string: 0.25.9
      postcss: 8.4.21
      source-map: 0.6.1
    dev: true

  /@vue/compiler-ssr@3.2.47:
    resolution: {integrity: sha512-wVXC+gszhulcMD8wpxMsqSOpvDZ6xKXSVWkf50Guf/S+28hTAXPDYRTbLQ3EDkOP5Xz/+SY37YiwDquKbJOgZw==}
    dependencies:
      '@vue/compiler-dom': 3.2.47
      '@vue/shared': 3.2.47
    dev: true

  /@vue/devtools-api@6.5.0:
    resolution: {integrity: sha512-o9KfBeaBmCKl10usN4crU53fYtC1r7jJwdGKjPT24t348rHxgfpZ0xL3Xm/gLUYnc0oTp8LAmrxOeLyu6tbk2Q==}
    dev: true

  /@vue/reactivity-transform@3.2.47:
    resolution: {integrity: sha512-m8lGXw8rdnPVVIdIFhf0LeQ/ixyHkH5plYuS83yop5n7ggVJU+z5v0zecwEnX7fa7HNLBhh2qngJJkxpwEEmYA==}
    dependencies:
      '@babel/parser': 7.21.4
      '@vue/compiler-core': 3.2.47
      '@vue/shared': 3.2.47
      estree-walker: 2.0.2
      magic-string: 0.25.9
    dev: true

  /@vue/reactivity@3.2.47:
    resolution: {integrity: sha512-7khqQ/75oyyg+N/e+iwV6lpy1f5wq759NdlS1fpAhFXa8VeAIKGgk2E/C4VF59lx5b+Ezs5fpp/5WsRYXQiKxQ==}
    dependencies:
      '@vue/shared': 3.2.47
    dev: true

  /@vue/runtime-core@3.2.47:
    resolution: {integrity: sha512-RZxbLQIRB/K0ev0K9FXhNbBzT32H9iRtYbaXb0ZIz2usLms/D55dJR2t6cIEUn6vyhS3ALNvNthI+Q95C+NOpA==}
    dependencies:
      '@vue/reactivity': 3.2.47
      '@vue/shared': 3.2.47
    dev: true

  /@vue/runtime-dom@3.2.47:
    resolution: {integrity: sha512-ArXrFTjS6TsDei4qwNvgrdmHtD930KgSKGhS5M+j8QxXrDJYLqYw4RRcDy1bz1m1wMmb6j+zGLifdVHtkXA7gA==}
    dependencies:
      '@vue/runtime-core': 3.2.47
      '@vue/shared': 3.2.47
      csstype: 2.6.21
    dev: true

  /@vue/server-renderer@3.2.47(vue@3.2.47):
    resolution: {integrity: sha512-dN9gc1i8EvmP9RCzvneONXsKfBRgqFeFZLurmHOveL7oH6HiFXJw5OGu294n1nHc/HMgTy6LulU/tv5/A7f/LA==}
    peerDependencies:
      vue: 3.2.47
    dependencies:
      '@vue/compiler-ssr': 3.2.47
      '@vue/shared': 3.2.47
      vue: 3.2.47
    dev: true

  /@vue/shared@3.2.47:
    resolution: {integrity: sha512-BHGyyGN3Q97EZx0taMQ+OLNuZcW3d37ZEVmEAyeoA9ERdGvm9Irc/0Fua8SNyOtV1w6BS4q25wbMzJujO9HIfQ==}
    dev: true

  /@vueuse/core@9.13.0(vue@3.2.47):
    resolution: {integrity: sha512-pujnclbeHWxxPRqXWmdkKV5OX4Wk4YeK7wusHqRwU0Q7EFusHoqNA/aPhB6KCh9hEqJkLAJo7bb0Lh9b+OIVzw==}
    dependencies:
      '@types/web-bluetooth': 0.0.16
      '@vueuse/metadata': 9.13.0
      '@vueuse/shared': 9.13.0(vue@3.2.47)
      vue-demi: 0.13.11(vue@3.2.47)
    transitivePeerDependencies:
      - '@vue/composition-api'
      - vue
    dev: true

  /@vueuse/metadata@9.13.0:
    resolution: {integrity: sha512-gdU7TKNAUVlXXLbaF+ZCfte8BjRJQWPCa2J55+7/h+yDtzw3vOoGQDRXzI6pyKyo6bXFT5/QoPE4hAknExjRLQ==}
    dev: true

  /@vueuse/shared@9.13.0(vue@3.2.47):
    resolution: {integrity: sha512-UrnhU+Cnufu4S6JLCPZnkWh0WwZGUp72ktOF2DFptMlOs3TOdVv8xJN53zhHGARmVOsz5KqOls09+J1NR6sBKw==}
    dependencies:
      vue-demi: 0.13.11(vue@3.2.47)
    transitivePeerDependencies:
      - '@vue/composition-api'
      - vue
    dev: true

  /algoliasearch@4.17.0:
    resolution: {integrity: sha512-JMRh2Mw6sEnVMiz6+APsi7lx9a2jiDFF+WUtANaUVCv6uSU9UOLdo5h9K3pdP6frRRybaM2fX8b1u0nqICS9aA==}
    dependencies:
      '@algolia/cache-browser-local-storage': 4.17.0
      '@algolia/cache-common': 4.17.0
      '@algolia/cache-in-memory': 4.17.0
      '@algolia/client-account': 4.17.0
      '@algolia/client-analytics': 4.17.0
      '@algolia/client-common': 4.17.0
      '@algolia/client-personalization': 4.17.0
      '@algolia/client-search': 4.17.0
      '@algolia/logger-common': 4.17.0
      '@algolia/logger-console': 4.17.0
      '@algolia/requester-browser-xhr': 4.17.0
      '@algolia/requester-common': 4.17.0
      '@algolia/requester-node-http': 4.17.0
      '@algolia/transporter': 4.17.0
    dev: true

  /ansi-sequence-parser@1.1.0:
    resolution: {integrity: sha512-lEm8mt52to2fT8GhciPCGeCXACSz2UwIN4X2e2LJSnZ5uAbn2/dsYdOmUXq0AtWS5cpAupysIneExOgH0Vd2TQ==}
    dev: true

  /body-scroll-lock@4.0.0-beta.0:
    resolution: {integrity: sha512-a7tP5+0Mw3YlUJcGAKUqIBkYYGlYxk2fnCasq/FUph1hadxlTRjF+gAcZksxANnaMnALjxEddmSi/H3OR8ugcQ==}
    dev: true

  /csstype@2.6.21:
    resolution: {integrity: sha512-Z1PhmomIfypOpoMjRQB70jfvy/wxT50qW08YXO5lMIJkrdq4yOTR+AW7FqutScmB9NkLwxo+jU+kZLbofZZq/w==}
    dev: true

  /esbuild@0.17.16:
    resolution: {integrity: sha512-aeSuUKr9aFVY9Dc8ETVELGgkj4urg5isYx8pLf4wlGgB0vTFjxJQdHnNH6Shmx4vYYrOTLCHtRI5i1XZ9l2Zcg==}
    engines: {node: '>=12'}
    hasBin: true
    requiresBuild: true
    optionalDependencies:
      '@esbuild/android-arm': 0.17.16
      '@esbuild/android-arm64': 0.17.16
      '@esbuild/android-x64': 0.17.16
      '@esbuild/darwin-arm64': 0.17.16
      '@esbuild/darwin-x64': 0.17.16
      '@esbuild/freebsd-arm64': 0.17.16
      '@esbuild/freebsd-x64': 0.17.16
      '@esbuild/linux-arm': 0.17.16
      '@esbuild/linux-arm64': 0.17.16
      '@esbuild/linux-ia32': 0.17.16
      '@esbuild/linux-loong64': 0.17.16
      '@esbuild/linux-mips64el': 0.17.16
      '@esbuild/linux-ppc64': 0.17.16
      '@esbuild/linux-riscv64': 0.17.16
      '@esbuild/linux-s390x': 0.17.16
      '@esbuild/linux-x64': 0.17.16
      '@esbuild/netbsd-x64': 0.17.16
      '@esbuild/openbsd-x64': 0.17.16
      '@esbuild/sunos-x64': 0.17.16
      '@esbuild/win32-arm64': 0.17.16
      '@esbuild/win32-ia32': 0.17.16
      '@esbuild/win32-x64': 0.17.16
    dev: true

  /estree-walker@2.0.2:
    resolution: {integrity: sha512-Rfkk/Mp/DL7JVje3u18FxFujQlTNR2q6QfMSMB7AvCBx91NGj/ba3kCfza0f6dVDbw7YlRf/nDrn7pQrCCyQ/w==}
    dev: true

  /fsevents@2.3.2:
    resolution: {integrity: sha512-xiqMQR4xAeHTuB9uWm+fFRcIOgKBMiOBP+eXiyT7jsgVCq1bkVygt00oASowB7EdtpOHaaPgKt812P9ab+DDKA==}
    engines: {node: ^8.16.0 || ^10.6.0 || >=11.0.0}
    os: [darwin]
    requiresBuild: true
    dev: true
    optional: true

  /function-bind@1.1.1:
    resolution: {integrity: sha512-yIovAzMX49sF8Yl58fSCWJ5svSLuaibPxXQJFLmBObTuCr0Mf1KiPopGM9NiFjiYBCbfaa2Fh6breQ6ANVTI0A==}
    dev: true

  /has@1.0.3:
    resolution: {integrity: sha512-f2dvO0VU6Oej7RkWJGrehjbzMAjFp5/VKPp5tTpWIV4JHHZK1/BxbFRtf/siA2SWTe09caDmVtYYzWEIbBS4zw==}
    engines: {node: '>= 0.4.0'}
    dependencies:
      function-bind: 1.1.1
    dev: true

  /is-core-module@2.12.0:
    resolution: {integrity: sha512-RECHCBCd/viahWmwj6enj19sKbHfJrddi/6cBDsNTKbNq0f7VeaUkBo60BqzvPqo/W54ChS62Z5qyun7cfOMqQ==}
    dependencies:
      has: 1.0.3
    dev: true

  /jsonc-parser@3.2.0:
    resolution: {integrity: sha512-gfFQZrcTc8CnKXp6Y4/CBT3fTc0OVuDofpre4aEeEpSBPV5X5v4+Vmx+8snU7RLPrNHPKSgLxGo9YuQzz20o+w==}
    dev: true

  /magic-string@0.25.9:
    resolution: {integrity: sha512-RmF0AsMzgt25qzqqLc1+MbHmhdx0ojF2Fvs4XnOqz2ZOBXzzkEwc/dJQZCYHAn7v1jbVOjAZfK8msRn4BxO4VQ==}
    dependencies:
      sourcemap-codec: 1.4.8
    dev: true

  /nanoid@3.3.6:
    resolution: {integrity: sha512-BGcqMMJuToF7i1rt+2PWSNVnWIkGCU78jBG3RxO/bZlnZPK2Cmi2QaffxGO/2RvWi9sL+FAiRiXMgsyxQ1DIDA==}
    engines: {node: ^10 || ^12 || ^13.7 || ^14 || >=15.0.1}
    hasBin: true
    dev: true

  /path-parse@1.0.7:
    resolution: {integrity: sha512-LDJzPVEEEPR+y48z93A0Ed0yXb8pAByGWo/k5YYdYgpY2/2EsOsksJrq7lOHxryrVOn1ejG6oAp8ahvOIQD8sw==}
    dev: true

  /picocolors@1.0.0:
    resolution: {integrity: sha512-1fygroTLlHu66zi26VoTDv8yRgm0Fccecssto+MhsZ0D/DGW2sm8E8AjW7NU5VVTRt5GxbeZ5qBuJr+HyLYkjQ==}
    dev: true

  /postcss@8.4.21:
    resolution: {integrity: sha512-tP7u/Sn/dVxK2NnruI4H9BG+x+Wxz6oeZ1cJ8P6G/PZY0IKk4k/63TDsQf2kQq3+qoJeLm2kIBUNlZe3zgb4Zg==}
    engines: {node: ^10 || ^12 || >=14}
    dependencies:
      nanoid: 3.3.6
      picocolors: 1.0.0
      source-map-js: 1.0.2
    dev: true

  /preact@10.13.2:
    resolution: {integrity: sha512-q44QFLhOhty2Bd0Y46fnYW0gD/cbVM9dUVtNTDKPcdXSMA7jfY+Jpd6rk3GB0lcQss0z5s/6CmVP0Z/hV+g6pw==}
    dev: true

  /resolve@1.22.2:
    resolution: {integrity: sha512-Sb+mjNHOULsBv818T40qSPeRiuWLyaGMa5ewydRLFimneixmVy2zdivRl+AF6jaYPC8ERxGDmFSiqui6SfPd+g==}
    hasBin: true
    dependencies:
      is-core-module: 2.12.0
      path-parse: 1.0.7
      supports-preserve-symlinks-flag: 1.0.0
    dev: true

  /rollup@3.20.2:
    resolution: {integrity: sha512-3zwkBQl7Ai7MFYQE0y1MeQ15+9jsi7XxfrqwTb/9EK8D9C9+//EBR4M+CuA1KODRaNbFez/lWxA5vhEGZp4MUg==}
    engines: {node: '>=14.18.0', npm: '>=8.0.0'}
    hasBin: true
    optionalDependencies:
      fsevents: 2.3.2
    dev: true

  /shiki@0.14.1:
    resolution: {integrity: sha512-+Jz4nBkCBe0mEDqo1eKRcCdjRtrCjozmcbTUjbPTX7OOJfEbTZzlUWlZtGe3Gb5oV1/jnojhG//YZc3rs9zSEw==}
    dependencies:
      ansi-sequence-parser: 1.1.0
      jsonc-parser: 3.2.0
      vscode-oniguruma: 1.7.0
      vscode-textmate: 8.0.0
    dev: true

  /source-map-js@1.0.2:
    resolution: {integrity: sha512-R0XvVJ9WusLiqTCEiGCmICCMplcCkIwwR11mOSD9CR5u+IXYdiseeEuXCVAjS54zqwkLcPNnmU4OeJ6tUrWhDw==}
    engines: {node: '>=0.10.0'}
    dev: true

  /source-map@0.6.1:
    resolution: {integrity: sha512-UjgapumWlbMhkBgzT7Ykc5YXUT46F0iKu8SGXq0bcwP5dz/h0Plj6enJqjz1Zbq2l5WaqYnrVbwWOWMyF3F47g==}
    engines: {node: '>=0.10.0'}
    dev: true

  /sourcemap-codec@1.4.8:
    resolution: {integrity: sha512-9NykojV5Uih4lgo5So5dtw+f0JgJX30KCNI8gwhz2J9A15wD0Ml6tjHKwf6fTSa6fAdVBdZeNOs9eJ71qCk8vA==}
    deprecated: Please use @jridgewell/sourcemap-codec instead
    dev: true

  /supports-preserve-symlinks-flag@1.0.0:
    resolution: {integrity: sha512-ot0WnXS9fgdkgIcePe6RHNk1WA8+muPa6cSjeR3V8K27q9BB1rTE3R1p7Hv0z1ZyAc8s6Vvv8DIyWf681MAt0w==}
    engines: {node: '>= 0.4'}
    dev: true

  /to-fast-properties@2.0.0:
    resolution: {integrity: sha512-/OaKK0xYrs3DmxRYqL/yDc+FxFUVYhDlXMhRmv3z915w2HF1tnN1omB354j8VUGO/hbRzyD6Y3sA7v7GS/ceog==}
    engines: {node: '>=4'}
    dev: true

  /vite@4.2.1:
    resolution: {integrity: sha512-7MKhqdy0ISo4wnvwtqZkjke6XN4taqQ2TBaTccLIpOKv7Vp2h4Y+NpmWCnGDeSvvn45KxvWgGyb0MkHvY1vgbg==}
    engines: {node: ^14.18.0 || >=16.0.0}
    hasBin: true
    peerDependencies:
      '@types/node': '>= 14'
      less: '*'
      sass: '*'
      stylus: '*'
      sugarss: '*'
      terser: ^5.4.0
    peerDependenciesMeta:
      '@types/node':
        optional: true
      less:
        optional: true
      sass:
        optional: true
      stylus:
        optional: true
      sugarss:
        optional: true
      terser:
        optional: true
    dependencies:
      esbuild: 0.17.16
      postcss: 8.4.21
      resolve: 1.22.2
      rollup: 3.20.2
    optionalDependencies:
      fsevents: 2.3.2
    dev: true

  /vitepress@1.0.0-alpha.65(@algolia/client-search@4.17.0):
    resolution: {integrity: sha512-iGWC0AQC6WrfRZTJf5+TiGG4o8PLhqIJNyai8NVxZCY9YpmMJhddvQeqqjJdQniF/LQK/hQ5nQZ9HgSZDGRPGQ==}
    hasBin: true
    dependencies:
      '@docsearch/css': 3.3.3
      '@docsearch/js': 3.3.3(@algolia/client-search@4.17.0)
      '@vitejs/plugin-vue': 4.1.0(vite@4.2.1)(vue@3.2.47)
      '@vue/devtools-api': 6.5.0
      '@vueuse/core': 9.13.0(vue@3.2.47)
      body-scroll-lock: 4.0.0-beta.0
      shiki: 0.14.1
      vite: 4.2.1
      vue: 3.2.47
    transitivePeerDependencies:
      - '@algolia/client-search'
      - '@types/node'
      - '@types/react'
      - '@vue/composition-api'
      - less
      - react
      - react-dom
      - sass
      - stylus
      - sugarss
      - terser
    dev: true

  /vscode-oniguruma@1.7.0:
    resolution: {integrity: sha512-L9WMGRfrjOhgHSdOYgCt/yRMsXzLDJSL7BPrOZt73gU0iWO4mpqzqQzOz5srxqTvMBaR0XZTSrVWo4j55Rc6cA==}
    dev: true

  /vscode-textmate@8.0.0:
    resolution: {integrity: sha512-AFbieoL7a5LMqcnOF04ji+rpXadgOXnZsxQr//r83kLPr7biP7am3g9zbaZIaBGwBRWeSvoMD4mgPdX3e4NWBg==}
    dev: true

  /vue-demi@0.13.11(vue@3.2.47):
    resolution: {integrity: sha512-IR8HoEEGM65YY3ZJYAjMlKygDQn25D5ajNFNoKh9RSDMQtlzCxtfQjdQgv9jjK+m3377SsJXY8ysq8kLCZL25A==}
    engines: {node: '>=12'}
    hasBin: true
    requiresBuild: true
    peerDependencies:
      '@vue/composition-api': ^1.0.0-rc.1
      vue: ^3.0.0-0 || ^2.6.0
    peerDependenciesMeta:
      '@vue/composition-api':
        optional: true
    dependencies:
      vue: 3.2.47
    dev: true

  /vue@3.2.47:
    resolution: {integrity: sha512-60188y/9Dc9WVrAZeUVSDxRQOZ+z+y5nO2ts9jWXSTkMvayiWxCWOWtBQoYjLeccfXkiiPZWAHcV+WTPhkqJHQ==}
    dependencies:
      '@vue/compiler-dom': 3.2.47
      '@vue/compiler-sfc': 3.2.47
      '@vue/runtime-dom': 3.2.47
      '@vue/server-renderer': 3.2.47(vue@3.2.47)
      '@vue/shared': 3.2.47
    dev: true
